
Microsoft Visual Studio Solution File, Format Version 12.00
# Visual Studio Version 17
VisualStudioVersion = 17.11.35312.102
MinimumVisualStudioVersion = 10.0.40219.1
Project("{FAE04EC0-301F-11D3-BF4B-00C04F79EFBC}") = "Aula01", "Aula01\Aula01.csproj", "{24EEF29C-91E1-4C22-B750-0C8B4DC89EDB}"
EndProject
Global
	GlobalSection(SolutionConfigurationPlatforms) = preSolution
		Debug|Any CPU = Debug|Any CPU
		Release|Any CPU = Release|Any CPU
	EndGlobalSection
	GlobalSection(ProjectConfigurationPlatforms) = postSolution
		{24EEF29C-91E1-4C22-B750-0C8B4DC89EDB}.Debug|Any CPU.ActiveCfg = Debug|Any CPU
		{24EEF29C-91E1-4C22-B750-0C8B4DC89EDB}.Debug|Any CPU.Build.0 = Debug|Any CPU
		{24EEF29C-91E1-4C22-B750-0C8B4DC89EDB}.Release|Any CPU.ActiveCfg = Release|Any CPU
		{24EEF29C-91E1-4C22-B750-0C8B4DC89EDB}.Release|Any CPU.Build.0 = Release|Any CPU
	EndGlobalSection
	GlobalSection(SolutionProperties) = preSolution
		HideSolutionNode = FALSE
	EndGlobalSection
	GlobalSection(ExtensibilityGlobals) = postSolution
		SolutionGuid = {2986A101-FB96-449B-B3D6-69983BEDCC45}
	EndGlobalSection
EndGlobal
